
Microsoft Visual Studio Solution File, Format Version 12.00
# Visual Studio Version 17
VisualStudioVersion = 17.7.34024.191
MinimumVisualStudioVersion = 10.0.40219.1
Project("{8BC9CEB8-8B4A-11D0-8D11-00A0C91BC942}") = "fruitNinja", "fruitNinja\fruitNinja.vcxproj", "{BC5FB8A7-141C-457A-A5D0-DFC34925649A}"
EndProject
Project("{8BC9CEB8-8B4A-11D0-8D11-00A0C91BC942}") = "verletIntegration", "verletIntegration\verletIntegration.vcxproj", "{50984147-A64B-4CBF-A1E3-AEFA1426E9E2}"
EndProject
Project("{8BC9CEB8-8B4A-11D0-8D11-00A0C91BC942}") = "common", "common\common.vcxproj", "{AECD3FDF-98A3-413F-BE07-D414243F24B8}"
EndProject
Project("{8BC9CEB8-8B4A-11D0-8D11-00A0C91BC942}") = "3Dtest", "3Dtest\3Dtest.vcxproj", "{1F46FA5E-D436-46D7-A72E-BA7FB5A6161B}"
EndProject
Project("{8BC9CEB8-8B4A-11D0-8D11-00A0C91BC942}") = "neuralNetwork", "neuralNetwork\neuralNetwork.vcxproj", "{DE0C89A8-3411-4F06-B895-764EA03E44CC}"
EndProject
Project("{8BC9CEB8-8B4A-11D0-8D11-00A0C91BC942}") = "asteroids", "asteroids\asteroids.vcxproj", "{D60D96FB-FD48-4FC9-8957-F408C314124F}"
EndProject
Project("{8BC9CEB8-8B4A-11D0-8D11-00A0C91BC942}") = "neat", "neat\neat.vcxproj", "{E6DBB37B-54EA-44A0-A533-13A44439B5E8}"
EndProject
Project("{8BC9CEB8-8B4A-11D0-8D11-00A0C91BC942}") = "geneticAlgorithm", "geneticAlgorithm\geneticAlgorithm.vcxproj", "{53891938-1409-4A59-AA26-608B3A108D87}"
EndProject
Project("{8BC9CEB8-8B4A-11D0-8D11-00A0C91BC942}") = "astarnav", "astarnav\astarnav.vcxproj", "{4F57ABEB-20D6-4D2C-99DC-6DA8661EA8D5}"
EndProject
Project("{8BC9CEB8-8B4A-11D0-8D11-00A0C91BC942}") = "tetris", "tetris\tetris.vcxproj", "{08C9E19A-7216-4F9E-909F-22A4D7BE48DA}"
EndProject
Project("{8BC9CEB8-8B4A-11D0-8D11-00A0C91BC942}") = "gameAI", "gameAI\gameAI.vcxproj", "{B35D4862-81C1-4D29-A8A6-9D377562D6A4}"
EndProject
Global
	GlobalSection(SolutionConfigurationPlatforms) = preSolution
		Debug|x64 = Debug|x64
		Debug|x86 = Debug|x86
		Release|x64 = Release|x64
		Release|x86 = Release|x86
	EndGlobalSection
	GlobalSection(ProjectConfigurationPlatforms) = postSolution
		{BC5FB8A7-141C-457A-A5D0-DFC34925649A}.Debug|x64.ActiveCfg = Debug|x64
		{BC5FB8A7-141C-457A-A5D0-DFC34925649A}.Debug|x64.Build.0 = Debug|x64
		{BC5FB8A7-141C-457A-A5D0-DFC34925649A}.Debug|x86.ActiveCfg = Debug|Win32
		{BC5FB8A7-141C-457A-A5D0-DFC34925649A}.Debug|x86.Build.0 = Debug|Win32
		{BC5FB8A7-141C-457A-A5D0-DFC34925649A}.Release|x64.ActiveCfg = Release|x64
		{BC5FB8A7-141C-457A-A5D0-DFC34925649A}.Release|x64.Build.0 = Release|x64
		{BC5FB8A7-141C-457A-A5D0-DFC34925649A}.Release|x86.ActiveCfg = Release|Win32
		{BC5FB8A7-141C-457A-A5D0-DFC34925649A}.Release|x86.Build.0 = Release|Win32
		{50984147-A64B-4CBF-A1E3-AEFA1426E9E2}.Debug|x64.ActiveCfg = Debug|x64
		{50984147-A64B-4CBF-A1E3-AEFA1426E9E2}.Debug|x64.Build.0 = Debug|x64
		{50984147-A64B-4CBF-A1E3-AEFA1426E9E2}.Debug|x86.ActiveCfg = Debug|Win32
		{50984147-A64B-4CBF-A1E3-AEFA1426E9E2}.Debug|x86.Build.0 = Debug|Win32
		{50984147-A64B-4CBF-A1E3-AEFA1426E9E2}.Release|x64.ActiveCfg = Release|x64
		{50984147-A64B-4CBF-A1E3-AEFA1426E9E2}.Release|x64.Build.0 = Release|x64
		{50984147-A64B-4CBF-A1E3-AEFA1426E9E2}.Release|x86.ActiveCfg = Release|Win32
		{50984147-A64B-4CBF-A1E3-AEFA1426E9E2}.Release|x86.Build.0 = Release|Win32
		{AECD3FDF-98A3-413F-BE07-D414243F24B8}.Debug|x64.ActiveCfg = Debug|x64
		{AECD3FDF-98A3-413F-BE07-D414243F24B8}.Debug|x64.Build.0 = Debug|x64
		{AECD3FDF-98A3-413F-BE07-D414243F24B8}.Debug|x86.ActiveCfg = Debug|Win32
		{AECD3FDF-98A3-413F-BE07-D414243F24B8}.Debug|x86.Build.0 = Debug|Win32
		{AECD3FDF-98A3-413F-BE07-D414243F24B8}.Release|x64.ActiveCfg = Release|x64
		{AECD3FDF-98A3-413F-BE07-D414243F24B8}.Release|x64.Build.0 = Release|x64
		{AECD3FDF-98A3-413F-BE07-D414243F24B8}.Release|x86.ActiveCfg = Release|Win32
		{AECD3FDF-98A3-413F-BE07-D414243F24B8}.Release|x86.Build.0 = Release|Win32
		{1F46FA5E-D436-46D7-A72E-BA7FB5A6161B}.Debug|x64.ActiveCfg = Debug|x64
		{1F46FA5E-D436-46D7-A72E-BA7FB5A6161B}.Debug|x64.Build.0 = Debug|x64
		{1F46FA5E-D436-46D7-A72E-BA7FB5A6161B}.Debug|x86.ActiveCfg = Debug|Win32
		{1F46FA5E-D436-46D7-A72E-BA7FB5A6161B}.Debug|x86.Build.0 = Debug|Win32
		{1F46FA5E-D436-46D7-A72E-BA7FB5A6161B}.Release|x64.ActiveCfg = Release|x64
		{1F46FA5E-D436-46D7-A72E-BA7FB5A6161B}.Release|x64.Build.0 = Release|x64
		{1F46FA5E-D436-46D7-A72E-BA7FB5A6161B}.Release|x86.ActiveCfg = Release|Win32
		{1F46FA5E-D436-46D7-A72E-BA7FB5A6161B}.Release|x86.Build.0 = Release|Win32
		{DE0C89A8-3411-4F06-B895-764EA03E44CC}.Debug|x64.ActiveCfg = Debug|x64
		{DE0C89A8-3411-4F06-B895-764EA03E44CC}.Debug|x64.Build.0 = Debug|x64
		{DE0C89A8-3411-4F06-B895-764EA03E44CC}.Debug|x86.ActiveCfg = Debug|Win32
		{DE0C89A8-3411-4F06-B895-764EA03E44CC}.Debug|x86.Build.0 = Debug|Win32
		{DE0C89A8-3411-4F06-B895-764EA03E44CC}.Release|x64.ActiveCfg = Release|x64
		{DE0C89A8-3411-4F06-B895-764EA03E44CC}.Release|x64.Build.0 = Release|x64
		{DE0C89A8-3411-4F06-B895-764EA03E44CC}.Release|x86.ActiveCfg = Release|Win32
		{DE0C89A8-3411-4F06-B895-764EA03E44CC}.Release|x86.Build.0 = Release|Win32
		{D60D96FB-FD48-4FC9-8957-F408C314124F}.Debug|x64.ActiveCfg = Debug|x64
		{D60D96FB-FD48-4FC9-8957-F408C314124F}.Debug|x64.Build.0 = Debug|x64
		{D60D96FB-FD48-4FC9-8957-F408C314124F}.Debug|x86.ActiveCfg = Debug|Win32
		{D60D96FB-FD48-4FC9-8957-F408C314124F}.Debug|x86.Build.0 = Debug|Win32
		{D60D96FB-FD48-4FC9-8957-F408C314124F}.Release|x64.ActiveCfg = Release|x64
		{D60D96FB-FD48-4FC9-8957-F408C314124F}.Release|x64.Build.0 = Release|x64
		{D60D96FB-FD48-4FC9-8957-F408C314124F}.Release|x86.ActiveCfg = Release|Win32
		{D60D96FB-FD48-4FC9-8957-F408C314124F}.Release|x86.Build.0 = Release|Win32
		{E6DBB37B-54EA-44A0-A533-13A44439B5E8}.Debug|x64.ActiveCfg = Debug|x64
		{E6DBB37B-54EA-44A0-A533-13A44439B5E8}.Debug|x64.Build.0 = Debug|x64
		{E6DBB37B-54EA-44A0-A533-13A44439B5E8}.Debug|x86.ActiveCfg = Debug|Win32
		{E6DBB37B-54EA-44A0-A533-13A44439B5E8}.Debug|x86.Build.0 = Debug|Win32
		{E6DBB37B-54EA-44A0-A533-13A44439B5E8}.Release|x64.ActiveCfg = Release|x64
		{E6DBB37B-54EA-44A0-A533-13A44439B5E8}.Release|x64.Build.0 = Release|x64
		{E6DBB37B-54EA-44A0-A533-13A44439B5E8}.Release|x86.ActiveCfg = Release|Win32
		{E6DBB37B-54EA-44A0-A533-13A44439B5E8}.Release|x86.Build.0 = Release|Win32
		{53891938-1409-4A59-AA26-608B3A108D87}.Debug|x64.ActiveCfg = Debug|x64
		{53891938-1409-4A59-AA26-608B3A108D87}.Debug|x64.Build.0 = Debug|x64
		{53891938-1409-4A59-AA26-608B3A108D87}.Debug|x86.ActiveCfg = Debug|Win32
		{53891938-1409-4A59-AA26-608B3A108D87}.Debug|x86.Build.0 = Debug|Win32
		{53891938-1409-4A59-AA26-608B3A108D87}.Release|x64.ActiveCfg = Release|x64
		{53891938-1409-4A59-AA26-608B3A108D87}.Release|x64.Build.0 = Release|x64
		{53891938-1409-4A59-AA26-608B3A108D87}.Release|x86.ActiveCfg = Release|Win32
		{53891938-1409-4A59-AA26-608B3A108D87}.Release|x86.Build.0 = Release|Win32
		{4F57ABEB-20D6-4D2C-99DC-6DA8661EA8D5}.Debug|x64.ActiveCfg = Debug|x64
		{4F57ABEB-20D6-4D2C-99DC-6DA8661EA8D5}.Debug|x64.Build.0 = Debug|x64
		{4F57ABEB-20D6-4D2C-99DC-6DA8661EA8D5}.Debug|x86.ActiveCfg = Debug|Win32
		{4F57ABEB-20D6-4D2C-99DC-6DA8661EA8D5}.Debug|x86.Build.0 = Debug|Win32
		{4F57ABEB-20D6-4D2C-99DC-6DA8661EA8D5}.Release|x64.ActiveCfg = Release|x64
		{4F57ABEB-20D6-4D2C-99DC-6DA8661EA8D5}.Release|x64.Build.0 = Release|x64
		{4F57ABEB-20D6-4D2C-99DC-6DA8661EA8D5}.Release|x86.ActiveCfg = Release|Win32
		{4F57ABEB-20D6-4D2C-99DC-6DA8661EA8D5}.Release|x86.Build.0 = Release|Win32
		{08C9E19A-7216-4F9E-909F-22A4D7BE48DA}.Debug|x64.ActiveCfg = Debug|x64
		{08C9E19A-7216-4F9E-909F-22A4D7BE48DA}.Debug|x64.Build.0 = Debug|x64
		{08C9E19A-7216-4F9E-909F-22A4D7BE48DA}.Debug|x86.ActiveCfg = Debug|Win32
		{08C9E19A-7216-4F9E-909F-22A4D7BE48DA}.Debug|x86.Build.0 = Debug|Win32
		{08C9E19A-7216-4F9E-909F-22A4D7BE48DA}.Release|x64.ActiveCfg = Release|x64
		{08C9E19A-7216-4F9E-909F-22A4D7BE48DA}.Release|x64.Build.0 = Release|x64
		{08C9E19A-7216-4F9E-909F-22A4D7BE48DA}.Release|x86.ActiveCfg = Release|Win32
		{08C9E19A-7216-4F9E-909F-22A4D7BE48DA}.Release|x86.Build.0 = Release|Win32
		{B35D4862-81C1-4D29-A8A6-9D377562D6A4}.Debug|x64.ActiveCfg = Debug|x64
		{B35D4862-81C1-4D29-A8A6-9D377562D6A4}.Debug|x64.Build.0 = Debug|x64
		{B35D4862-81C1-4D29-A8A6-9D377562D6A4}.Debug|x86.ActiveCfg = Debug|Win32
		{B35D4862-81C1-4D29-A8A6-9D377562D6A4}.Debug|x86.Build.0 = Debug|Win32
		{B35D4862-81C1-4D29-A8A6-9D377562D6A4}.Release|x64.ActiveCfg = Release|x64
		{B35D4862-81C1-4D29-A8A6-9D377562D6A4}.Release|x64.Build.0 = Release|x64
		{B35D4862-81C1-4D29-A8A6-9D377562D6A4}.Release|x86.ActiveCfg = Release|Win32
		{B35D4862-81C1-4D29-A8A6-9D377562D6A4}.Release|x86.Build.0 = Release|Win32
	EndGlobalSection
	GlobalSection(SolutionProperties) = preSolution
		HideSolutionNode = FALSE
	EndGlobalSection
	GlobalSection(ExtensibilityGlobals) = postSolution
		SolutionGuid = {5EBF9DB7-B04A-4F91-AFEE-47F7CA127534}
	EndGlobalSection
EndGlobal
